
Microsoft Visual Studio Solution File, Format Version 12.00
# Visual Studio Version 17
VisualStudioVersion = 17.12.35506.116 d17.12
MinimumVisualStudioVersion = 10.0.40219.1
Project("{FAE04EC0-301F-11D3-BF4B-00C04F79EFBC}") = "Incorrect SQL generation", "Incorrect SQL generation.csproj", "{322A9A75-ED22-4114-BA3E-21A33393C9FD}"
EndProject
Global
	GlobalSection(SolutionConfigurationPlatforms) = preSolution
		Debug|Any CPU = Debug|Any CPU
		Release|Any CPU = Release|Any CPU
	EndGlobalSection
	GlobalSection(ProjectConfigurationPlatforms) = postSolution
		{322A9A75-ED22-4114-BA3E-21A33393C9FD}.Debug|Any CPU.ActiveCfg = Debug|Any CPU
		{322A9A75-ED22-4114-BA3E-21A33393C9FD}.Debug|Any CPU.Build.0 = Debug|Any CPU
		{322A9A75-ED22-4114-BA3E-21A33393C9FD}.Release|Any CPU.ActiveCfg = Release|Any CPU
		{322A9A75-ED22-4114-BA3E-21A33393C9FD}.Release|Any CPU.Build.0 = Release|Any CPU
	EndGlobalSection
	GlobalSection(SolutionProperties) = preSolution
		HideSolutionNode = FALSE
	EndGlobalSection
EndGlobal
